// !$*UTF8*$!
{
	archiveVersion = 1;
	classes = {
	};
	objectVersion = 48;
	objects = {

/* Begin PBXBuildFile section */
		3500D89021345FFE0094EAE8 /* Assets.xcassets in Resources */ = {isa = PBXBuildFile; fileRef = 3500D88D21345FFE0094EAE8 /* Assets.xcassets */; };
		5F338E9C20E13B1C00B3E608 /* Localizable.strings in Resources */ = {isa = PBXBuildFile; fileRef = 5F338E9E20E13B1C00B3E608 /* Localizable.strings */; };
		5F338EA120E13B1D00B3E608 /* InfoPlist.strings in Resources */ = {isa = PBXBuildFile; fileRef = 5F338EA320E13B1D00B3E608 /* InfoPlist.strings */; };
		6E5ADB422435B60C0093B631 /* Utils.swift in Sources */ = {isa = PBXBuildFile; fileRef = 6E5ADB412435B60C0093B631 /* Utils.swift */; };
		7547DB6A204FDF8000C280AC /* AppDelegate.swift in Sources */ = {isa = PBXBuildFile; fileRef = 7547DB69204FDF8000C280AC /* AppDelegate.swift */; };
		7547DB6F204FDF8000C280AC /* Main.storyboard in Resources */ = {isa = PBXBuildFile; fileRef = 7547DB6D204FDF8000C280AC /* Main.storyboard */; };
		7547DB74204FDF8000C280AC /* LaunchScreen.storyboard in Resources */ = {isa = PBXBuildFile; fileRef = 7547DB72204FDF8000C280AC /* LaunchScreen.storyboard */; };
		7547DB7F204FDF8000C280AC /* PiaSampleTests.swift in Sources */ = {isa = PBXBuildFile; fileRef = 7547DB7E204FDF8000C280AC /* PiaSampleTests.swift */; };
		7547DB8A204FDF8000C280AC /* PiaSampleUITests.swift in Sources */ = {isa = PBXBuildFile; fileRef = 7547DB89204FDF8000C280AC /* PiaSampleUITests.swift */; };
		7554A34D2056BF7100773403 /* BuildFile in Frameworks */ = {isa = PBXBuildFile; };
		9A3B9838D038A9CDB1E16BD2 /* Pia.xcframework in Frameworks */ = {isa = PBXBuildFile; fileRef = BF04373AA1FD7A1D83A575CD /* Pia.xcframework */; };
		A30AC93D237AC11E00B8FF62 /* SampleOrderDetails.swift in Sources */ = {isa = PBXBuildFile; fileRef = A30AC922237AC11E00B8FF62 /* SampleOrderDetails.swift */; };
		A30AC93E237AC11E00B8FF62 /* SignupViewController.swift in Sources */ = {isa = PBXBuildFile; fileRef = A30AC924237AC11E00B8FF62 /* SignupViewController.swift */; };
		A30AC93F237AC11E00B8FF62 /* CheckoutController.swift in Sources */ = {isa = PBXBuildFile; fileRef = A30AC925237AC11E00B8FF62 /* CheckoutController.swift */; };
		A30AC940237AC11E00B8FF62 /* ResultViewController.swift in Sources */ = {isa = PBXBuildFile; fileRef = A30AC926237AC11E00B8FF62 /* ResultViewController.swift */; };
		A30AC941237AC11E00B8FF62 /* SetURLViewController.swift in Sources */ = {isa = PBXBuildFile; fileRef = A30AC927237AC11E00B8FF62 /* SetURLViewController.swift */; };
		A30AC942237AC11E00B8FF62 /* LocalizedStrings.swift in Sources */ = {isa = PBXBuildFile; fileRef = A30AC929237AC11E00B8FF62 /* LocalizedStrings.swift */; };
		A30AC943237AC11E00B8FF62 /* Fonts.swift in Sources */ = {isa = PBXBuildFile; fileRef = A30AC92A237AC11E00B8FF62 /* Fonts.swift */; };
		A30AC944237AC11E00B8FF62 /* PaymentSelectionController.swift in Sources */ = {isa = PBXBuildFile; fileRef = A30AC92B237AC11E00B8FF62 /* PaymentSelectionController.swift */; };
		A30AC945237AC11E00B8FF62 /* UICustomizationController.swift in Sources */ = {isa = PBXBuildFile; fileRef = A30AC92C237AC11E00B8FF62 /* UICustomizationController.swift */; };
		A30AC946237AC11E00B8FF62 /* ApplePayMerchantIDController.swift in Sources */ = {isa = PBXBuildFile; fileRef = A30AC92D237AC11E00B8FF62 /* ApplePayMerchantIDController.swift */; };
		A30AC947237AC11E00B8FF62 /* AppNavigation.swift in Sources */ = {isa = PBXBuildFile; fileRef = A30AC92E237AC11E00B8FF62 /* AppNavigation.swift */; };
		A30AC948237AC11E00B8FF62 /* ViewExtensions.swift in Sources */ = {isa = PBXBuildFile; fileRef = A30AC930237AC11E00B8FF62 /* ViewExtensions.swift */; };
		A30AC949237AC11E00B8FF62 /* StoryboardControllers.swift in Sources */ = {isa = PBXBuildFile; fileRef = A30AC931237AC11E00B8FF62 /* StoryboardControllers.swift */; };
		A30AC94A237AC11E00B8FF62 /* Persistance.swift in Sources */ = {isa = PBXBuildFile; fileRef = A30AC932237AC11E00B8FF62 /* Persistance.swift */; };
		A30AC94B237AC11E00B8FF62 /* Views.swift in Sources */ = {isa = PBXBuildFile; fileRef = A30AC933237AC11E00B8FF62 /* Views.swift */; };
		A30AC94C237AC11E00B8FF62 /* KeyboardFrameObserving.swift in Sources */ = {isa = PBXBuildFile; fileRef = A30AC934237AC11E00B8FF62 /* KeyboardFrameObserving.swift */; };
		A30AC94D237AC11E00B8FF62 /* PiaSDKIntegration.swift in Sources */ = {isa = PBXBuildFile; fileRef = A30AC935237AC11E00B8FF62 /* PiaSDKIntegration.swift */; };
		A30AC94E237AC11E00B8FF62 /* SettingsViewController.swift in Sources */ = {isa = PBXBuildFile; fileRef = A30AC936237AC11E00B8FF62 /* SettingsViewController.swift */; };
		A30AC94F237AC11E00B8FF62 /* APIError.swift in Sources */ = {isa = PBXBuildFile; fileRef = A30AC938237AC11E00B8FF62 /* APIError.swift */; };
		A30AC950237AC11E00B8FF62 /* Networking.swift in Sources */ = {isa = PBXBuildFile; fileRef = A30AC939237AC11E00B8FF62 /* Networking.swift */; };
		A30AC951237AC11E00B8FF62 /* API.swift in Sources */ = {isa = PBXBuildFile; fileRef = A30AC93A237AC11E00B8FF62 /* API.swift */; };
		A30AC952237AC11E00B8FF62 /* APICoding.swift in Sources */ = {isa = PBXBuildFile; fileRef = A30AC93B237AC11E00B8FF62 /* APICoding.swift */; };
		A30AC953237AC11E00B8FF62 /* MerchantDefaults.swift in Sources */ = {isa = PBXBuildFile; fileRef = A30AC93C237AC11E00B8FF62 /* MerchantDefaults.swift */; };
		A30AC99A238D2C2B00B8FF62 /* Colors.swift in Sources */ = {isa = PBXBuildFile; fileRef = A30AC999238D2C2B00B8FF62 /* Colors.swift */; };
		A377E3D523CCA4990026F112 /* ApplePayIntegration.swift in Sources */ = {isa = PBXBuildFile; fileRef = A377E3D423CCA4990026F112 /* ApplePayIntegration.swift */; };
		CFB30C5D4CD152D687897FF1 /* Pia.xcframework in Embed Frameworks */ = {isa = PBXBuildFile; fileRef = BF04373AA1FD7A1D83A575CD /* Pia.xcframework */; settings = {ATTRIBUTES = (CodeSignOnCopy, RemoveHeadersOnCopy, ); }; };
		E5F4F8AE27E06C9EA567BCB2 /* Pods_PiaSampleUITests.framework in Frameworks */ = {isa = PBXBuildFile; fileRef = 7EF911800CEB5C1F14FC0BF7 /* Pods_PiaSampleUITests.framework */; };
		FB8389986800864C6F045126 /* Pods_PiaSampleTests.framework in Frameworks */ = {isa = PBXBuildFile; fileRef = F856BF6102DF1DFD0EC41584 /* Pods_PiaSampleTests.framework */; };
/* End PBXBuildFile section */

/* Begin PBXContainerItemProxy section */
		7547DB7B204FDF8000C280AC /* PBXContainerItemProxy */ = {
			isa = PBXContainerItemProxy;
			containerPortal = 7547DB5E204FDF8000C280AC /* Project object */;
			proxyType = 1;
			remoteGlobalIDString = 7547DB65204FDF8000C280AC;
			remoteInfo = PiaSample;
		};
		7547DB86204FDF8000C280AC /* PBXContainerItemProxy */ = {
			isa = PBXContainerItemProxy;
			containerPortal = 7547DB5E204FDF8000C280AC /* Project object */;
			proxyType = 1;
			remoteGlobalIDString = 7547DB65204FDF8000C280AC;
			remoteInfo = PiaSample;
		};
/* End PBXContainerItemProxy section */

/* Begin PBXCopyFilesBuildPhase section */
		7554A3512056BF7100773403 /* Embed Frameworks */ = {
			isa = PBXCopyFilesBuildPhase;
			buildActionMask = 2147483647;
			dstPath = "";
			dstSubfolderSpec = 10;
			files = (
				CFB30C5D4CD152D687897FF1 /* Pia.xcframework in Embed Frameworks */,
			);
			name = "Embed Frameworks";
			runOnlyForDeploymentPostprocessing = 0;
		};
/* End PBXCopyFilesBuildPhase section */

/* Begin PBXFileReference section */
		1EA4FE0829D1131AF371A5F7 /* Pods_PiaSample.framework */ = {isa = PBXFileReference; explicitFileType = wrapper.framework; includeInIndex = 0; path = Pods_PiaSample.framework; sourceTree = BUILT_PRODUCTS_DIR; };
		3500D88D21345FFE0094EAE8 /* Assets.xcassets */ = {isa = PBXFileReference; lastKnownFileType = folder.assetcatalog; path = Assets.xcassets; sourceTree = "<group>"; };
		350B086920F5E65D009470AC /* sv */ = {isa = PBXFileReference; lastKnownFileType = text.plist.strings; name = sv; path = sv.lproj/Main.strings; sourceTree = "<group>"; };
		350B086A20F5E65D009470AC /* sv */ = {isa = PBXFileReference; lastKnownFileType = text.plist.strings; name = sv; path = sv.lproj/LaunchScreen.strings; sourceTree = "<group>"; };
		350B086B20F5E65E009470AC /* sv */ = {isa = PBXFileReference; lastKnownFileType = text.plist.strings; name = sv; path = sv.lproj/InfoPlist.strings; sourceTree = "<group>"; };
		350B086C20F5E65E009470AC /* sv */ = {isa = PBXFileReference; lastKnownFileType = text.plist.strings; name = sv; path = sv.lproj/Localizable.strings; sourceTree = "<group>"; };
		35FF4008213EA8D30095BB88 /* PiaSample.entitlements */ = {isa = PBXFileReference; lastKnownFileType = text.plist.entitlements; path = PiaSample.entitlements; sourceTree = "<group>"; };
		5F338E6D20DD321500B3E608 /* ro */ = {isa = PBXFileReference; lastKnownFileType = text.plist.strings; name = ro; path = ro.lproj/LaunchScreen.strings; sourceTree = "<group>"; };
		5F338E9D20E13B1C00B3E608 /* ro */ = {isa = PBXFileReference; lastKnownFileType = text.plist.strings; name = ro; path = ro.lproj/Localizable.strings; sourceTree = "<group>"; };
		5F338EA220E13B1D00B3E608 /* ro */ = {isa = PBXFileReference; lastKnownFileType = text.plist.strings; name = ro; path = ro.lproj/InfoPlist.strings; sourceTree = "<group>"; };
		5FAF24A620F5EE13008438EA /* fi */ = {isa = PBXFileReference; lastKnownFileType = text.plist.strings; name = fi; path = fi.lproj/Main.strings; sourceTree = "<group>"; };
		5FC299FF20F4FF52004EA978 /* en */ = {isa = PBXFileReference; lastKnownFileType = text.plist.strings; name = en; path = en.lproj/Main.strings; sourceTree = "<group>"; };
		5FC29A0020F4FF58004EA978 /* ro */ = {isa = PBXFileReference; lastKnownFileType = text.plist.strings; name = ro; path = ro.lproj/Main.strings; sourceTree = "<group>"; };
		5FC29A1120F5ED79004EA978 /* fi */ = {isa = PBXFileReference; lastKnownFileType = text.plist.strings; name = fi; path = fi.lproj/LaunchScreen.strings; sourceTree = "<group>"; };
		5FC29A1320F5EDBD004EA978 /* fi */ = {isa = PBXFileReference; lastKnownFileType = text.plist.strings; name = fi; path = fi.lproj/Localizable.strings; sourceTree = "<group>"; };
		6E5ADB412435B60C0093B631 /* Utils.swift */ = {isa = PBXFileReference; lastKnownFileType = sourcecode.swift; path = Utils.swift; sourceTree = "<group>"; };
		7547DB66204FDF8000C280AC /* PiaSample.app */ = {isa = PBXFileReference; explicitFileType = wrapper.application; includeInIndex = 0; path = PiaSample.app; sourceTree = BUILT_PRODUCTS_DIR; };
		7547DB69204FDF8000C280AC /* AppDelegate.swift */ = {isa = PBXFileReference; lastKnownFileType = sourcecode.swift; path = AppDelegate.swift; sourceTree = "<group>"; };
		7547DB6E204FDF8000C280AC /* Base */ = {isa = PBXFileReference; lastKnownFileType = file.storyboard; name = Base; path = Base.lproj/Main.storyboard; sourceTree = "<group>"; };
		7547DB73204FDF8000C280AC /* Base */ = {isa = PBXFileReference; lastKnownFileType = file.storyboard; name = Base; path = Base.lproj/LaunchScreen.storyboard; sourceTree = "<group>"; };
		7547DB75204FDF8000C280AC /* Info.plist */ = {isa = PBXFileReference; lastKnownFileType = text.plist.xml; path = Info.plist; sourceTree = "<group>"; };
		7547DB7A204FDF8000C280AC /* PiaSampleTests.xctest */ = {isa = PBXFileReference; explicitFileType = wrapper.cfbundle; includeInIndex = 0; path = PiaSampleTests.xctest; sourceTree = BUILT_PRODUCTS_DIR; };
		7547DB7E204FDF8000C280AC /* PiaSampleTests.swift */ = {isa = PBXFileReference; lastKnownFileType = sourcecode.swift; path = PiaSampleTests.swift; sourceTree = "<group>"; };
		7547DB80204FDF8000C280AC /* Info.plist */ = {isa = PBXFileReference; lastKnownFileType = text.plist.xml; path = Info.plist; sourceTree = "<group>"; };
		7547DB85204FDF8000C280AC /* PiaSampleUITests.xctest */ = {isa = PBXFileReference; explicitFileType = wrapper.cfbundle; includeInIndex = 0; path = PiaSampleUITests.xctest; sourceTree = BUILT_PRODUCTS_DIR; };
		7547DB89204FDF8000C280AC /* PiaSampleUITests.swift */ = {isa = PBXFileReference; lastKnownFileType = sourcecode.swift; path = PiaSampleUITests.swift; sourceTree = "<group>"; };
		7547DB8B204FDF8000C280AC /* Info.plist */ = {isa = PBXFileReference; lastKnownFileType = text.plist.xml; path = Info.plist; sourceTree = "<group>"; };
		7EF911800CEB5C1F14FC0BF7 /* Pods_PiaSampleUITests.framework */ = {isa = PBXFileReference; explicitFileType = wrapper.framework; includeInIndex = 0; path = Pods_PiaSampleUITests.framework; sourceTree = BUILT_PRODUCTS_DIR; };
		85730E1621A2C86C0016FB69 /* en */ = {isa = PBXFileReference; lastKnownFileType = text.plist.strings; name = en; path = en.lproj/Localizable.strings; sourceTree = "<group>"; };
		857FE13921A2A9C30027D508 /* nb */ = {isa = PBXFileReference; lastKnownFileType = text.plist.strings; name = nb; path = nb.lproj/Main.strings; sourceTree = "<group>"; };
		857FE13A21A2A9C40027D508 /* nb */ = {isa = PBXFileReference; lastKnownFileType = text.plist.strings; name = nb; path = nb.lproj/LaunchScreen.strings; sourceTree = "<group>"; };
		857FE13D21A2A9C50027D508 /* nb */ = {isa = PBXFileReference; lastKnownFileType = text.plist.strings; name = nb; path = nb.lproj/Localizable.strings; sourceTree = "<group>"; };
		857FE13E21A2A9D50027D508 /* da */ = {isa = PBXFileReference; lastKnownFileType = text.plist.strings; name = da; path = da.lproj/Main.strings; sourceTree = "<group>"; };
		857FE13F21A2A9D50027D508 /* da */ = {isa = PBXFileReference; lastKnownFileType = text.plist.strings; name = da; path = da.lproj/LaunchScreen.strings; sourceTree = "<group>"; };
		857FE14021A2A9D60027D508 /* da */ = {isa = PBXFileReference; lastKnownFileType = text.plist.strings; name = da; path = da.lproj/Localizable.strings; sourceTree = "<group>"; };
		A30AC922237AC11E00B8FF62 /* SampleOrderDetails.swift */ = {isa = PBXFileReference; fileEncoding = 4; lastKnownFileType = sourcecode.swift; path = SampleOrderDetails.swift; sourceTree = "<group>"; };
		A30AC924237AC11E00B8FF62 /* SignupViewController.swift */ = {isa = PBXFileReference; fileEncoding = 4; lastKnownFileType = sourcecode.swift; path = SignupViewController.swift; sourceTree = "<group>"; };
		A30AC925237AC11E00B8FF62 /* CheckoutController.swift */ = {isa = PBXFileReference; fileEncoding = 4; lastKnownFileType = sourcecode.swift; path = CheckoutController.swift; sourceTree = "<group>"; };
		A30AC926237AC11E00B8FF62 /* ResultViewController.swift */ = {isa = PBXFileReference; fileEncoding = 4; lastKnownFileType = sourcecode.swift; path = ResultViewController.swift; sourceTree = "<group>"; };
		A30AC927237AC11E00B8FF62 /* SetURLViewController.swift */ = {isa = PBXFileReference; fileEncoding = 4; lastKnownFileType = sourcecode.swift; path = SetURLViewController.swift; sourceTree = "<group>"; };
		A30AC929237AC11E00B8FF62 /* LocalizedStrings.swift */ = {isa = PBXFileReference; fileEncoding = 4; lastKnownFileType = sourcecode.swift; path = LocalizedStrings.swift; sourceTree = "<group>"; };
		A30AC92A237AC11E00B8FF62 /* Fonts.swift */ = {isa = PBXFileReference; fileEncoding = 4; lastKnownFileType = sourcecode.swift; path = Fonts.swift; sourceTree = "<group>"; };
		A30AC92B237AC11E00B8FF62 /* PaymentSelectionController.swift */ = {isa = PBXFileReference; fileEncoding = 4; lastKnownFileType = sourcecode.swift; path = PaymentSelectionController.swift; sourceTree = "<group>"; };
		A30AC92C237AC11E00B8FF62 /* UICustomizationController.swift */ = {isa = PBXFileReference; fileEncoding = 4; lastKnownFileType = sourcecode.swift; path = UICustomizationController.swift; sourceTree = "<group>"; };
		A30AC92D237AC11E00B8FF62 /* ApplePayMerchantIDController.swift */ = {isa = PBXFileReference; fileEncoding = 4; lastKnownFileType = sourcecode.swift; path = ApplePayMerchantIDController.swift; sourceTree = "<group>"; };
		A30AC92E237AC11E00B8FF62 /* AppNavigation.swift */ = {isa = PBXFileReference; fileEncoding = 4; lastKnownFileType = sourcecode.swift; path = AppNavigation.swift; sourceTree = "<group>"; };
		A30AC930237AC11E00B8FF62 /* ViewExtensions.swift */ = {isa = PBXFileReference; fileEncoding = 4; lastKnownFileType = sourcecode.swift; path = ViewExtensions.swift; sourceTree = "<group>"; };
		A30AC931237AC11E00B8FF62 /* StoryboardControllers.swift */ = {isa = PBXFileReference; fileEncoding = 4; lastKnownFileType = sourcecode.swift; path = StoryboardControllers.swift; sourceTree = "<group>"; };
		A30AC932237AC11E00B8FF62 /* Persistance.swift */ = {isa = PBXFileReference; fileEncoding = 4; lastKnownFileType = sourcecode.swift; path = Persistance.swift; sourceTree = "<group>"; };
		A30AC933237AC11E00B8FF62 /* Views.swift */ = {isa = PBXFileReference; fileEncoding = 4; lastKnownFileType = sourcecode.swift; path = Views.swift; sourceTree = "<group>"; };
		A30AC934237AC11E00B8FF62 /* KeyboardFrameObserving.swift */ = {isa = PBXFileReference; fileEncoding = 4; lastKnownFileType = sourcecode.swift; path = KeyboardFrameObserving.swift; sourceTree = "<group>"; };
		A30AC935237AC11E00B8FF62 /* PiaSDKIntegration.swift */ = {isa = PBXFileReference; fileEncoding = 4; lastKnownFileType = sourcecode.swift; path = PiaSDKIntegration.swift; sourceTree = "<group>"; };
		A30AC936237AC11E00B8FF62 /* SettingsViewController.swift */ = {isa = PBXFileReference; fileEncoding = 4; lastKnownFileType = sourcecode.swift; path = SettingsViewController.swift; sourceTree = "<group>"; };
		A30AC938237AC11E00B8FF62 /* APIError.swift */ = {isa = PBXFileReference; fileEncoding = 4; lastKnownFileType = sourcecode.swift; path = APIError.swift; sourceTree = "<group>"; };
		A30AC939237AC11E00B8FF62 /* Networking.swift */ = {isa = PBXFileReference; fileEncoding = 4; lastKnownFileType = sourcecode.swift; path = Networking.swift; sourceTree = "<group>"; };
		A30AC93A237AC11E00B8FF62 /* API.swift */ = {isa = PBXFileReference; fileEncoding = 4; lastKnownFileType = sourcecode.swift; path = API.swift; sourceTree = "<group>"; };
		A30AC93B237AC11E00B8FF62 /* APICoding.swift */ = {isa = PBXFileReference; fileEncoding = 4; lastKnownFileType = sourcecode.swift; path = APICoding.swift; sourceTree = "<group>"; };
		A30AC93C237AC11E00B8FF62 /* MerchantDefaults.swift */ = {isa = PBXFileReference; fileEncoding = 4; lastKnownFileType = sourcecode.swift; path = MerchantDefaults.swift; sourceTree = "<group>"; };
		A30AC999238D2C2B00B8FF62 /* Colors.swift */ = {isa = PBXFileReference; lastKnownFileType = sourcecode.swift; path = Colors.swift; sourceTree = "<group>"; };
		A377E3D423CCA4990026F112 /* ApplePayIntegration.swift */ = {isa = PBXFileReference; lastKnownFileType = sourcecode.swift; path = ApplePayIntegration.swift; sourceTree = "<group>"; };
		A377E41623DF2AAD0026F112 /* LICENSE.md */ = {isa = PBXFileReference; lastKnownFileType = net.daringfireball.markdown; path = LICENSE.md; sourceTree = "<group>"; };
		BF04373AA1FD7A1D83A575CD /* Pia.xcframework */ = {isa = PBXFileReference; includeInIndex = 1; name = Pia.xcframework; path = ../libs/Pia.xcframework; sourceTree = "<group>"; };
		F856BF6102DF1DFD0EC41584 /* Pods_PiaSampleTests.framework */ = {isa = PBXFileReference; explicitFileType = wrapper.framework; includeInIndex = 0; path = Pods_PiaSampleTests.framework; sourceTree = BUILT_PRODUCTS_DIR; };
/* End PBXFileReference section */

/* Begin PBXFrameworksBuildPhase section */
		7547DB63204FDF8000C280AC /* Frameworks */ = {
			isa = PBXFrameworksBuildPhase;
			buildActionMask = 2147483647;
			files = (
				7554A34D2056BF7100773403 /* BuildFile in Frameworks */,
				9A3B9838D038A9CDB1E16BD2 /* Pia.xcframework in Frameworks */,
			);
			runOnlyForDeploymentPostprocessing = 0;
		};
		7547DB77204FDF8000C280AC /* Frameworks */ = {
			isa = PBXFrameworksBuildPhase;
			buildActionMask = 2147483647;
			files = (
				FB8389986800864C6F045126 /* Pods_PiaSampleTests.framework in Frameworks */,
			);
			runOnlyForDeploymentPostprocessing = 0;
		};
		7547DB82204FDF8000C280AC /* Frameworks */ = {
			isa = PBXFrameworksBuildPhase;
			buildActionMask = 2147483647;
			files = (
				E5F4F8AE27E06C9EA567BCB2 /* Pods_PiaSampleUITests.framework in Frameworks */,
			);
			runOnlyForDeploymentPostprocessing = 0;
		};
/* End PBXFrameworksBuildPhase section */

/* Begin PBXGroup section */
		35C7A1D0211448780063497E /* Resources */ = {
			isa = PBXGroup;
			children = (
				7547DB6D204FDF8000C280AC /* Main.storyboard */,
				7547DB72204FDF8000C280AC /* LaunchScreen.storyboard */,
				3500D88D21345FFE0094EAE8 /* Assets.xcassets */,
			);
			path = Resources;
			sourceTree = "<group>";
		};
		6EA791B6237979AC0019757B /* libs */ = {
			isa = PBXGroup;
			children = (
				BF04373AA1FD7A1D83A575CD /* Pia.xcframework */,
			);
			name = libs;
			path = ../../libs;
			sourceTree = "<group>";
		};
		7547DB5D204FDF8000C280AC = {
			isa = PBXGroup;
			children = (
				7547DB68204FDF8000C280AC /* PiaSample */,
				7547DB7D204FDF8000C280AC /* PiaSampleTests */,
				7547DB88204FDF8000C280AC /* PiaSampleUITests */,
				7547DB67204FDF8000C280AC /* Products */,
				EFCC53B4F5AA2F1A2EBF8742 /* Frameworks */,
			);
			sourceTree = "<group>";
		};
		7547DB67204FDF8000C280AC /* Products */ = {
			isa = PBXGroup;
			children = (
				7547DB66204FDF8000C280AC /* PiaSample.app */,
				7547DB7A204FDF8000C280AC /* PiaSampleTests.xctest */,
				7547DB85204FDF8000C280AC /* PiaSampleUITests.xctest */,
			);
			name = Products;
			sourceTree = "<group>";
		};
		7547DB68204FDF8000C280AC /* PiaSample */ = {
			isa = PBXGroup;
			children = (
				35FF4008213EA8D30095BB88 /* PiaSample.entitlements */,
				7547DB69204FDF8000C280AC /* AppDelegate.swift */,
				A377E41623DF2AAD0026F112 /* LICENSE.md */,
				A30AC921237AC11E00B8FF62 /* Sources */,
				5F338EA320E13B1D00B3E608 /* InfoPlist.strings */,
				5F338E9E20E13B1C00B3E608 /* Localizable.strings */,
				35C7A1D0211448780063497E /* Resources */,
				6EA791B6237979AC0019757B /* libs */,
				7547DB75204FDF8000C280AC /* Info.plist */,
			);
			path = PiaSample;
			sourceTree = "<group>";
		};
		7547DB7D204FDF8000C280AC /* PiaSampleTests */ = {
			isa = PBXGroup;
			children = (
				7547DB7E204FDF8000C280AC /* PiaSampleTests.swift */,
				7547DB80204FDF8000C280AC /* Info.plist */,
			);
			path = PiaSampleTests;
			sourceTree = "<group>";
		};
		7547DB88204FDF8000C280AC /* PiaSampleUITests */ = {
			isa = PBXGroup;
			children = (
				7547DB89204FDF8000C280AC /* PiaSampleUITests.swift */,
				7547DB8B204FDF8000C280AC /* Info.plist */,
			);
			path = PiaSampleUITests;
			sourceTree = "<group>";
		};
		A30AC921237AC11E00B8FF62 /* Sources */ = {
			isa = PBXGroup;
			children = (
				A30AC93C237AC11E00B8FF62 /* MerchantDefaults.swift */,
				A30AC922237AC11E00B8FF62 /* SampleOrderDetails.swift */,
				A30AC923237AC11E00B8FF62 /* UI */,
				A30AC937237AC11E00B8FF62 /* MerchantAPI */,
			);
			path = Sources;
			sourceTree = "<group>";
		};
		A30AC923237AC11E00B8FF62 /* UI */ = {
			isa = PBXGroup;
			children = (
				A30AC924237AC11E00B8FF62 /* SignupViewController.swift */,
				A30AC92E237AC11E00B8FF62 /* AppNavigation.swift */,
				A30AC935237AC11E00B8FF62 /* PiaSDKIntegration.swift */,
				A377E3D423CCA4990026F112 /* ApplePayIntegration.swift */,
				A30AC925237AC11E00B8FF62 /* CheckoutController.swift */,
				A30AC92B237AC11E00B8FF62 /* PaymentSelectionController.swift */,
				A30AC936237AC11E00B8FF62 /* SettingsViewController.swift */,
				A30AC92C237AC11E00B8FF62 /* UICustomizationController.swift */,
				A30AC927237AC11E00B8FF62 /* SetURLViewController.swift */,
				A30AC92D237AC11E00B8FF62 /* ApplePayMerchantIDController.swift */,
				A30AC926237AC11E00B8FF62 /* ResultViewController.swift */,
				A30AC928237AC11E00B8FF62 /* Resources */,
				A30AC92F237AC11E00B8FF62 /* Helpers */,
			);
			path = UI;
			sourceTree = "<group>";
		};
		A30AC928237AC11E00B8FF62 /* Resources */ = {
			isa = PBXGroup;
			children = (
				A30AC929237AC11E00B8FF62 /* LocalizedStrings.swift */,
				A30AC92A237AC11E00B8FF62 /* Fonts.swift */,
				A30AC999238D2C2B00B8FF62 /* Colors.swift */,
			);
			path = Resources;
			sourceTree = "<group>";
		};
		A30AC92F237AC11E00B8FF62 /* Helpers */ = {
			isa = PBXGroup;
			children = (
				A30AC930237AC11E00B8FF62 /* ViewExtensions.swift */,
				A30AC931237AC11E00B8FF62 /* StoryboardControllers.swift */,
				A30AC932237AC11E00B8FF62 /* Persistance.swift */,
				A30AC933237AC11E00B8FF62 /* Views.swift */,
				A30AC934237AC11E00B8FF62 /* KeyboardFrameObserving.swift */,
				6E5ADB412435B60C0093B631 /* Utils.swift */,
			);
			path = Helpers;
			sourceTree = "<group>";
		};
		A30AC937237AC11E00B8FF62 /* MerchantAPI */ = {
			isa = PBXGroup;
			children = (
				A30AC93A237AC11E00B8FF62 /* API.swift */,
				A30AC93B237AC11E00B8FF62 /* APICoding.swift */,
				A30AC938237AC11E00B8FF62 /* APIError.swift */,
				A30AC939237AC11E00B8FF62 /* Networking.swift */,
			);
			path = MerchantAPI;
			sourceTree = "<group>";
		};
		EFCC53B4F5AA2F1A2EBF8742 /* Frameworks */ = {
			isa = PBXGroup;
			children = (
				1EA4FE0829D1131AF371A5F7 /* Pods_PiaSample.framework */,
				F856BF6102DF1DFD0EC41584 /* Pods_PiaSampleTests.framework */,
				7EF911800CEB5C1F14FC0BF7 /* Pods_PiaSampleUITests.framework */,
			);
			name = Frameworks;
			sourceTree = "<group>";
		};
/* End PBXGroup section */

/* Begin PBXNativeTarget section */
		7547DB65204FDF8000C280AC /* PiaSample */ = {
			isa = PBXNativeTarget;
			buildConfigurationList = 7547DB8E204FDF8000C280AC /* Build configuration list for PBXNativeTarget "PiaSample" */;
			buildPhases = (
				7547DB62204FDF8000C280AC /* Sources */,
				7547DB63204FDF8000C280AC /* Frameworks */,
				7547DB64204FDF8000C280AC /* Resources */,
				7554A3512056BF7100773403 /* Embed Frameworks */,
			);
			buildRules = (
			);
			dependencies = (
			);
			name = PiaSample;
			productName = PiaSample;
			productReference = 7547DB66204FDF8000C280AC /* PiaSample.app */;
			productType = "com.apple.product-type.application";
		};
		7547DB79204FDF8000C280AC /* PiaSampleTests */ = {
			isa = PBXNativeTarget;
			buildConfigurationList = 7547DB91204FDF8000C280AC /* Build configuration list for PBXNativeTarget "PiaSampleTests" */;
			buildPhases = (
				18A85FEBAC65111A84581F22 /* [CP] Check Pods Manifest.lock */,
				7547DB76204FDF8000C280AC /* Sources */,
				7547DB77204FDF8000C280AC /* Frameworks */,
				7547DB78204FDF8000C280AC /* Resources */,
			);
			buildRules = (
			);
			dependencies = (
				7547DB7C204FDF8000C280AC /* PBXTargetDependency */,
			);
			name = PiaSampleTests;
			productName = PiaSampleTests;
			productReference = 7547DB7A204FDF8000C280AC /* PiaSampleTests.xctest */;
			productType = "com.apple.product-type.bundle.unit-test";
		};
		7547DB84204FDF8000C280AC /* PiaSampleUITests */ = {
			isa = PBXNativeTarget;
			buildConfigurationList = 7547DB94204FDF8000C280AC /* Build configuration list for PBXNativeTarget "PiaSampleUITests" */;
			buildPhases = (
				B42240193560D30D60471B37 /* [CP] Check Pods Manifest.lock */,
				7547DB81204FDF8000C280AC /* Sources */,
				7547DB82204FDF8000C280AC /* Frameworks */,
				7547DB83204FDF8000C280AC /* Resources */,
			);
			buildRules = (
			);
			dependencies = (
				7547DB87204FDF8000C280AC /* PBXTargetDependency */,
			);
			name = PiaSampleUITests;
			productName = PiaSampleUITests;
			productReference = 7547DB85204FDF8000C280AC /* PiaSampleUITests.xctest */;
			productType = "com.apple.product-type.bundle.ui-testing";
		};
/* End PBXNativeTarget section */

/* Begin PBXProject section */
		7547DB5E204FDF8000C280AC /* Project object */ = {
			isa = PBXProject;
			attributes = {
				LastSwiftUpdateCheck = 0920;
				LastUpgradeCheck = 1320;
				ORGANIZATIONNAME = Nets;
				TargetAttributes = {
					7547DB65204FDF8000C280AC = {
						CreatedOnToolsVersion = 9.2;
						LastSwiftMigration = 1100;
						ProvisioningStyle = Manual;
						SystemCapabilities = {
							com.apple.ApplePay = {
								enabled = 1;
							};
						};
					};
					7547DB79204FDF8000C280AC = {
						CreatedOnToolsVersion = 9.2;
						LastSwiftMigration = 1100;
						ProvisioningStyle = Automatic;
						TestTargetID = 7547DB65204FDF8000C280AC;
					};
					7547DB84204FDF8000C280AC = {
						CreatedOnToolsVersion = 9.2;
						LastSwiftMigration = 1100;
						ProvisioningStyle = Automatic;
						TestTargetID = 7547DB65204FDF8000C280AC;
					};
				};
			};
			buildConfigurationList = 7547DB61204FDF8000C280AC /* Build configuration list for PBXProject "PiaSample" */;
			compatibilityVersion = "Xcode 8.0";
			developmentRegion = en;
			hasScannedForEncodings = 0;
			knownRegions = (
				en,
				Base,
				sv,
				fi,
				nb,
				da,
				ro,
			);
			mainGroup = 7547DB5D204FDF8000C280AC;
			productRefGroup = 7547DB67204FDF8000C280AC /* Products */;
			projectDirPath = "";
			projectRoot = "";
			targets = (
				7547DB65204FDF8000C280AC /* PiaSample */,
				7547DB79204FDF8000C280AC /* PiaSampleTests */,
				7547DB84204FDF8000C280AC /* PiaSampleUITests */,
			);
		};
/* End PBXProject section */

/* Begin PBXResourcesBuildPhase section */
		7547DB64204FDF8000C280AC /* Resources */ = {
			isa = PBXResourcesBuildPhase;
			buildActionMask = 2147483647;
			files = (
				5F338E9C20E13B1C00B3E608 /* Localizable.strings in Resources */,
				5F338EA120E13B1D00B3E608 /* InfoPlist.strings in Resources */,
				7547DB74204FDF8000C280AC /* LaunchScreen.storyboard in Resources */,
				3500D89021345FFE0094EAE8 /* Assets.xcassets in Resources */,
				7547DB6F204FDF8000C280AC /* Main.storyboard in Resources */,
			);
			runOnlyForDeploymentPostprocessing = 0;
		};
		7547DB78204FDF8000C280AC /* Resources */ = {
			isa = PBXResourcesBuildPhase;
			buildActionMask = 2147483647;
			files = (
			);
			runOnlyForDeploymentPostprocessing = 0;
		};
		7547DB83204FDF8000C280AC /* Resources */ = {
			isa = PBXResourcesBuildPhase;
			buildActionMask = 2147483647;
			files = (
			);
			runOnlyForDeploymentPostprocessing = 0;
		};
/* End PBXResourcesBuildPhase section */

/* Begin PBXShellScriptBuildPhase section */
		18A85FEBAC65111A84581F22 /* [CP] Check Pods Manifest.lock */ = {
			isa = PBXShellScriptBuildPhase;
			buildActionMask = 2147483647;
			files = (
			);
			inputPaths = (
				"${PODS_PODFILE_DIR_PATH}/Podfile.lock",
				"${PODS_ROOT}/Manifest.lock",
			);
			name = "[CP] Check Pods Manifest.lock";
			outputPaths = (
				"$(DERIVED_FILE_DIR)/Pods-PiaSampleTests-checkManifestLockResult.txt",
			);
			runOnlyForDeploymentPostprocessing = 0;
			shellPath = /bin/sh;
			shellScript = "diff \"${PODS_PODFILE_DIR_PATH}/Podfile.lock\" \"${PODS_ROOT}/Manifest.lock\" > /dev/null\nif [ $? != 0 ] ; then\n    # print error to STDERR\n    echo \"error: The sandbox is not in sync with the Podfile.lock. Run 'pod install' or update your CocoaPods installation.\" >&2\n    exit 1\nfi\n# This output is used by Xcode 'outputs' to avoid re-running this script phase.\necho \"SUCCESS\" > \"${SCRIPT_OUTPUT_FILE_0}\"\n";
			showEnvVarsInLog = 0;
		};
		B42240193560D30D60471B37 /* [CP] Check Pods Manifest.lock */ = {
			isa = PBXShellScriptBuildPhase;
			buildActionMask = 2147483647;
			files = (
			);
			inputPaths = (
				"${PODS_PODFILE_DIR_PATH}/Podfile.lock",
				"${PODS_ROOT}/Manifest.lock",
			);
			name = "[CP] Check Pods Manifest.lock";
			outputPaths = (
				"$(DERIVED_FILE_DIR)/Pods-PiaSampleUITests-checkManifestLockResult.txt",
			);
			runOnlyForDeploymentPostprocessing = 0;
			shellPath = /bin/sh;
			shellScript = "diff \"${PODS_PODFILE_DIR_PATH}/Podfile.lock\" \"${PODS_ROOT}/Manifest.lock\" > /dev/null\nif [ $? != 0 ] ; then\n    # print error to STDERR\n    echo \"error: The sandbox is not in sync with the Podfile.lock. Run 'pod install' or update your CocoaPods installation.\" >&2\n    exit 1\nfi\n# This output is used by Xcode 'outputs' to avoid re-running this script phase.\necho \"SUCCESS\" > \"${SCRIPT_OUTPUT_FILE_0}\"\n";
			showEnvVarsInLog = 0;
		};
/* End PBXShellScriptBuildPhase section */

/* Begin PBXSourcesBuildPhase section */
		7547DB62204FDF8000C280AC /* Sources */ = {
			isa = PBXSourcesBuildPhase;
			buildActionMask = 2147483647;
			files = (
				A30AC951237AC11E00B8FF62 /* API.swift in Sources */,
				A30AC943237AC11E00B8FF62 /* Fonts.swift in Sources */,
				6E5ADB422435B60C0093B631 /* Utils.swift in Sources */,
				A30AC946237AC11E00B8FF62 /* ApplePayMerchantIDController.swift in Sources */,
				A30AC953237AC11E00B8FF62 /* MerchantDefaults.swift in Sources */,
				A30AC952237AC11E00B8FF62 /* APICoding.swift in Sources */,
				A30AC945237AC11E00B8FF62 /* UICustomizationController.swift in Sources */,
				A30AC99A238D2C2B00B8FF62 /* Colors.swift in Sources */,
				A377E3D523CCA4990026F112 /* ApplePayIntegration.swift in Sources */,
				A30AC947237AC11E00B8FF62 /* AppNavigation.swift in Sources */,
				A30AC94D237AC11E00B8FF62 /* PiaSDKIntegration.swift in Sources */,
				A30AC94E237AC11E00B8FF62 /* SettingsViewController.swift in Sources */,
				A30AC950237AC11E00B8FF62 /* Networking.swift in Sources */,
				A30AC94B237AC11E00B8FF62 /* Views.swift in Sources */,
				A30AC940237AC11E00B8FF62 /* ResultViewController.swift in Sources */,
				A30AC93E237AC11E00B8FF62 /* SignupViewController.swift in Sources */,
				A30AC949237AC11E00B8FF62 /* StoryboardControllers.swift in Sources */,
				A30AC93F237AC11E00B8FF62 /* CheckoutController.swift in Sources */,
				A30AC94A237AC11E00B8FF62 /* Persistance.swift in Sources */,
				A30AC94C237AC11E00B8FF62 /* KeyboardFrameObserving.swift in Sources */,
				A30AC94F237AC11E00B8FF62 /* APIError.swift in Sources */,
				A30AC948237AC11E00B8FF62 /* ViewExtensions.swift in Sources */,
				7547DB6A204FDF8000C280AC /* AppDelegate.swift in Sources */,
				A30AC942237AC11E00B8FF62 /* LocalizedStrings.swift in Sources */,
				A30AC93D237AC11E00B8FF62 /* SampleOrderDetails.swift in Sources */,
				A30AC941237AC11E00B8FF62 /* SetURLViewController.swift in Sources */,
				A30AC944237AC11E00B8FF62 /* PaymentSelectionController.swift in Sources */,
			);
			runOnlyForDeploymentPostprocessing = 0;
		};
		7547DB76204FDF8000C280AC /* Sources */ = {
			isa = PBXSourcesBuildPhase;
			buildActionMask = 2147483647;
			files = (
				7547DB7F204FDF8000C280AC /* PiaSampleTests.swift in Sources */,
			);
			runOnlyForDeploymentPostprocessing = 0;
		};
		7547DB81204FDF8000C280AC /* Sources */ = {
			isa = PBXSourcesBuildPhase;
			buildActionMask = 2147483647;
			files = (
				7547DB8A204FDF8000C280AC /* PiaSampleUITests.swift in Sources */,
			);
			runOnlyForDeploymentPostprocessing = 0;
		};
/* End PBXSourcesBuildPhase section */

/* Begin PBXTargetDependency section */
		7547DB7C204FDF8000C280AC /* PBXTargetDependency */ = {
			isa = PBXTargetDependency;
			target = 7547DB65204FDF8000C280AC /* PiaSample */;
			targetProxy = 7547DB7B204FDF8000C280AC /* PBXContainerItemProxy */;
		};
		7547DB87204FDF8000C280AC /* PBXTargetDependency */ = {
			isa = PBXTargetDependency;
			target = 7547DB65204FDF8000C280AC /* PiaSample */;
			targetProxy = 7547DB86204FDF8000C280AC /* PBXContainerItemProxy */;
		};
/* End PBXTargetDependency section */

/* Begin PBXVariantGroup section */
		5F338E9E20E13B1C00B3E608 /* Localizable.strings */ = {
			isa = PBXVariantGroup;
			children = (
				5F338E9D20E13B1C00B3E608 /* ro */,
				350B086C20F5E65E009470AC /* sv */,
				5FC29A1320F5EDBD004EA978 /* fi */,
				857FE13D21A2A9C50027D508 /* nb */,
				857FE14021A2A9D60027D508 /* da */,
				85730E1621A2C86C0016FB69 /* en */,
			);
			name = Localizable.strings;
			sourceTree = "<group>";
		};
		5F338EA320E13B1D00B3E608 /* InfoPlist.strings */ = {
			isa = PBXVariantGroup;
			children = (
				5F338EA220E13B1D00B3E608 /* ro */,
				350B086B20F5E65E009470AC /* sv */,
			);
			name = InfoPlist.strings;
			sourceTree = "<group>";
		};
		7547DB6D204FDF8000C280AC /* Main.storyboard */ = {
			isa = PBXVariantGroup;
			children = (
				7547DB6E204FDF8000C280AC /* Base */,
				5FC299FF20F4FF52004EA978 /* en */,
				5FC29A0020F4FF58004EA978 /* ro */,
				350B086920F5E65D009470AC /* sv */,
				5FAF24A620F5EE13008438EA /* fi */,
				857FE13921A2A9C30027D508 /* nb */,
				857FE13E21A2A9D50027D508 /* da */,
			);
			name = Main.storyboard;
			sourceTree = "<group>";
		};
		7547DB72204FDF8000C280AC /* LaunchScreen.storyboard */ = {
			isa = PBXVariantGroup;
			children = (
				7547DB73204FDF8000C280AC /* Base */,
				5F338E6D20DD321500B3E608 /* ro */,
				350B086A20F5E65D009470AC /* sv */,
				5FC29A1120F5ED79004EA978 /* fi */,
				857FE13A21A2A9C40027D508 /* nb */,
				857FE13F21A2A9D50027D508 /* da */,
			);
			name = LaunchScreen.storyboard;
			sourceTree = "<group>";
		};
/* End PBXVariantGroup section */

/* Begin XCBuildConfiguration section */
		7547DB8C204FDF8000C280AC /* Debug */ = {
			isa = XCBuildConfiguration;
			buildSettings = {
				ALWAYS_SEARCH_USER_PATHS = NO;
				CLANG_ANALYZER_LOCALIZABILITY_NONLOCALIZED = YES;
				CLANG_ANALYZER_NONNULL = YES;
				CLANG_ANALYZER_NUMBER_OBJECT_CONVERSION = YES_AGGRESSIVE;
				CLANG_CXX_LANGUAGE_STANDARD = "gnu++14";
				CLANG_CXX_LIBRARY = "libc++";
				CLANG_ENABLE_MODULES = YES;
				CLANG_ENABLE_OBJC_ARC = YES;
				CLANG_WARN_BLOCK_CAPTURE_AUTORELEASING = YES;
				CLANG_WARN_BOOL_CONVERSION = YES;
				CLANG_WARN_COMMA = YES;
				CLANG_WARN_CONSTANT_CONVERSION = YES;
				CLANG_WARN_DEPRECATED_OBJC_IMPLEMENTATIONS = YES;
				CLANG_WARN_DIRECT_OBJC_ISA_USAGE = YES_ERROR;
				CLANG_WARN_DOCUMENTATION_COMMENTS = YES;
				CLANG_WARN_EMPTY_BODY = YES;
				CLANG_WARN_ENUM_CONVERSION = YES;
				CLANG_WARN_INFINITE_RECURSION = YES;
				CLANG_WARN_INT_CONVERSION = YES;
				CLANG_WARN_NON_LITERAL_NULL_CONVERSION = YES;
				CLANG_WARN_OBJC_IMPLICIT_RETAIN_SELF = YES;
				CLANG_WARN_OBJC_LITERAL_CONVERSION = YES;
				CLANG_WARN_OBJC_ROOT_CLASS = YES_ERROR;
				CLANG_WARN_QUOTED_INCLUDE_IN_FRAMEWORK_HEADER = YES;
				CLANG_WARN_RANGE_LOOP_ANALYSIS = YES;
				CLANG_WARN_STRICT_PROTOTYPES = YES;
				CLANG_WARN_SUSPICIOUS_MOVE = YES;
				CLANG_WARN_UNGUARDED_AVAILABILITY = YES_AGGRESSIVE;
				CLANG_WARN_UNREACHABLE_CODE = YES;
				CLANG_WARN__DUPLICATE_METHOD_MATCH = YES;
				CODE_SIGN_IDENTITY = "iPhone Developer";
				COPY_PHASE_STRIP = NO;
				CURRENT_PROJECT_VERSION = 194;
				DEBUG_INFORMATION_FORMAT = "dwarf-with-dsym";
				ENABLE_BITCODE = NO;
				ENABLE_STRICT_OBJC_MSGSEND = YES;
				ENABLE_TESTABILITY = YES;
				FRAMEWORK_SEARCH_PATHS = "$(PROJECT_DIR)/../libs/";
				GCC_C_LANGUAGE_STANDARD = gnu11;
				GCC_DYNAMIC_NO_PIC = NO;
				GCC_NO_COMMON_BLOCKS = YES;
				GCC_OPTIMIZATION_LEVEL = 0;
				GCC_PREPROCESSOR_DEFINITIONS = (
					"DEBUG=1",
					"$(inherited)",
				);
				GCC_WARN_64_TO_32_BIT_CONVERSION = YES;
				GCC_WARN_ABOUT_RETURN_TYPE = YES_ERROR;
				GCC_WARN_UNDECLARED_SELECTOR = YES;
				GCC_WARN_UNINITIALIZED_AUTOS = YES_AGGRESSIVE;
				GCC_WARN_UNUSED_FUNCTION = YES;
				GCC_WARN_UNUSED_VARIABLE = YES;
				IPHONEOS_DEPLOYMENT_TARGET = 12.0;
				MTL_ENABLE_DEBUG_INFO = YES;
				ONLY_ACTIVE_ARCH = YES;
				SDKROOT = iphoneos;
				SWIFT_ACTIVE_COMPILATION_CONDITIONS = DEBUG;
				SWIFT_OPTIMIZATION_LEVEL = "-Onone";
				VERSIONING_SYSTEM = "apple-generic";
			};
			name = Debug;
		};
		7547DB8D204FDF8000C280AC /* Release */ = {
			isa = XCBuildConfiguration;
			buildSettings = {
				ALWAYS_SEARCH_USER_PATHS = NO;
				CLANG_ANALYZER_LOCALIZABILITY_NONLOCALIZED = YES;
				CLANG_ANALYZER_NONNULL = YES;
				CLANG_ANALYZER_NUMBER_OBJECT_CONVERSION = YES_AGGRESSIVE;
				CLANG_CXX_LANGUAGE_STANDARD = "gnu++14";
				CLANG_CXX_LIBRARY = "libc++";
				CLANG_ENABLE_MODULES = YES;
				CLANG_ENABLE_OBJC_ARC = YES;
				CLANG_WARN_BLOCK_CAPTURE_AUTORELEASING = YES;
				CLANG_WARN_BOOL_CONVERSION = YES;
				CLANG_WARN_COMMA = YES;
				CLANG_WARN_CONSTANT_CONVERSION = YES;
				CLANG_WARN_DEPRECATED_OBJC_IMPLEMENTATIONS = YES;
				CLANG_WARN_DIRECT_OBJC_ISA_USAGE = YES_ERROR;
				CLANG_WARN_DOCUMENTATION_COMMENTS = YES;
				CLANG_WARN_EMPTY_BODY = YES;
				CLANG_WARN_ENUM_CONVERSION = YES;
				CLANG_WARN_INFINITE_RECURSION = YES;
				CLANG_WARN_INT_CONVERSION = YES;
				CLANG_WARN_NON_LITERAL_NULL_CONVERSION = YES;
				CLANG_WARN_OBJC_IMPLICIT_RETAIN_SELF = YES;
				CLANG_WARN_OBJC_LITERAL_CONVERSION = YES;
				CLANG_WARN_OBJC_ROOT_CLASS = YES_ERROR;
				CLANG_WARN_QUOTED_INCLUDE_IN_FRAMEWORK_HEADER = YES;
				CLANG_WARN_RANGE_LOOP_ANALYSIS = YES;
				CLANG_WARN_STRICT_PROTOTYPES = YES;
				CLANG_WARN_SUSPICIOUS_MOVE = YES;
				CLANG_WARN_UNGUARDED_AVAILABILITY = YES_AGGRESSIVE;
				CLANG_WARN_UNREACHABLE_CODE = YES;
				CLANG_WARN__DUPLICATE_METHOD_MATCH = YES;
				CODE_SIGN_IDENTITY = "iPhone Developer";
				COPY_PHASE_STRIP = NO;
				CURRENT_PROJECT_VERSION = 194;
				DEBUG_INFORMATION_FORMAT = "dwarf-with-dsym";
				ENABLE_BITCODE = NO;
				ENABLE_NS_ASSERTIONS = NO;
				ENABLE_STRICT_OBJC_MSGSEND = YES;
				FRAMEWORK_SEARCH_PATHS = "$(PROJECT_DIR)/../libs/";
				GCC_C_LANGUAGE_STANDARD = gnu11;
				GCC_NO_COMMON_BLOCKS = YES;
				GCC_WARN_64_TO_32_BIT_CONVERSION = YES;
				GCC_WARN_ABOUT_RETURN_TYPE = YES_ERROR;
				GCC_WARN_UNDECLARED_SELECTOR = YES;
				GCC_WARN_UNINITIALIZED_AUTOS = YES_AGGRESSIVE;
				GCC_WARN_UNUSED_FUNCTION = YES;
				GCC_WARN_UNUSED_VARIABLE = YES;
				IPHONEOS_DEPLOYMENT_TARGET = 12.0;
				MTL_ENABLE_DEBUG_INFO = NO;
				SDKROOT = iphoneos;
				SWIFT_OPTIMIZATION_LEVEL = "-Owholemodule";
				VALIDATE_PRODUCT = YES;
				VERSIONING_SYSTEM = "apple-generic";
			};
			name = Release;
		};
		7547DB8F204FDF8000C280AC /* Debug */ = {
			isa = XCBuildConfiguration;
			buildSettings = {
				ASSETCATALOG_COMPILER_APPICON_NAME = AppIcon;
				CLANG_ANALYZER_LOCALIZABILITY_EMPTY_CONTEXT = YES;
				CLANG_ANALYZER_LOCALIZABILITY_NONLOCALIZED = YES;
				CODE_SIGN_ENTITLEMENTS = PiaSample/PiaSample.entitlements;
				CODE_SIGN_IDENTITY = "iPhone Distribution";
				"CODE_SIGN_IDENTITY[sdk=iphoneos*]" = "iPhone Developer";
				CODE_SIGN_STYLE = Manual;
				CURRENT_PROJECT_VERSION = 200;
				DEVELOPMENT_TEAM = EGNFYS6P3L;
				ENABLE_BITCODE = NO;
				INFOPLIST_FILE = PiaSample/Info.plist;
				IPHONEOS_DEPLOYMENT_TARGET = 12.0;
				LD_RUNPATH_SEARCH_PATHS = "$(inherited) @executable_path/Frameworks";
				MARKETING_VERSION = 2.7.0;
				PRODUCT_BUNDLE_IDENTIFIER = eu.nets.mcommerce.PiA.PiaSample;
				PRODUCT_NAME = "$(TARGET_NAME)";
				PROVISIONING_PROFILE = Nets_PiA_Sample_Development;
				PROVISIONING_PROFILE_SPECIFIER = "Nets PiA SDK Development";
				SWIFT_VERSION = 5.0;
				TARGETED_DEVICE_FAMILY = "1,2";
				VERSIONING_SYSTEM = "apple-generic";
			};
			name = Debug;
		};
		7547DB90204FDF8000C280AC /* Release */ = {
			isa = XCBuildConfiguration;
			buildSettings = {
				ASSETCATALOG_COMPILER_APPICON_NAME = AppIcon;
				CLANG_ANALYZER_LOCALIZABILITY_EMPTY_CONTEXT = YES;
				CLANG_ANALYZER_LOCALIZABILITY_NONLOCALIZED = YES;
				CODE_SIGN_ENTITLEMENTS = PiaSample/PiaSample.entitlements;
				CODE_SIGN_IDENTITY = "iPhone Distribution";
				"CODE_SIGN_IDENTITY[sdk=iphoneos*]" = "iPhone Developer";
				CODE_SIGN_STYLE = Manual;
				CURRENT_PROJECT_VERSION = 200;
				DEVELOPMENT_TEAM = EGNFYS6P3L;
				ENABLE_BITCODE = NO;
				INFOPLIST_FILE = PiaSample/Info.plist;
				IPHONEOS_DEPLOYMENT_TARGET = 12.0;
				LD_RUNPATH_SEARCH_PATHS = "$(inherited) @executable_path/Frameworks";
				MARKETING_VERSION = 2.7.0;
				PRODUCT_BUNDLE_IDENTIFIER = eu.nets.mcommerce.PiA.PiaSample;
				PRODUCT_NAME = "$(TARGET_NAME)";
				PROVISIONING_PROFILE = Nets_PiA_Sample_Development;
				PROVISIONING_PROFILE_SPECIFIER = "Nets PiA SDK Development";
				SWIFT_VERSION = 5.0;
				TARGETED_DEVICE_FAMILY = "1,2";
				VERSIONING_SYSTEM = "apple-generic";
			};
			name = Release;
		};
		7547DB92204FDF8000C280AC /* Debug */ = {
			isa = XCBuildConfiguration;
			buildSettings = {
				ALWAYS_EMBED_SWIFT_STANDARD_LIBRARIES = YES;
				BUNDLE_LOADER = "$(TEST_HOST)";
				CODE_SIGN_STYLE = Automatic;
				DEVELOPMENT_TEAM = QMGG9DUSQ8;
				INFOPLIST_FILE = PiaSampleTests/Info.plist;
				LD_RUNPATH_SEARCH_PATHS = "$(inherited) @executable_path/Frameworks @loader_path/Frameworks";
				PRODUCT_BUNDLE_IDENTIFIER = eu.nets.mcommerce.PiaSampleTests;
				PRODUCT_NAME = "$(TARGET_NAME)";
				SWIFT_VERSION = 5.0;
				TARGETED_DEVICE_FAMILY = "1,2";
				TEST_HOST = "$(BUILT_PRODUCTS_DIR)/PiaSample.app/PiaSample";
			};
			name = Debug;
		};
		7547DB93204FDF8000C280AC /* Release */ = {
			isa = XCBuildConfiguration;
			buildSettings = {
				ALWAYS_EMBED_SWIFT_STANDARD_LIBRARIES = YES;
				BUNDLE_LOADER = "$(TEST_HOST)";
				CODE_SIGN_STYLE = Automatic;
				DEVELOPMENT_TEAM = QMGG9DUSQ8;
				INFOPLIST_FILE = PiaSampleTests/Info.plist;
				LD_RUNPATH_SEARCH_PATHS = "$(inherited) @executable_path/Frameworks @loader_path/Frameworks";
				PRODUCT_BUNDLE_IDENTIFIER = eu.nets.mcommerce.PiaSampleTests;
				PRODUCT_NAME = "$(TARGET_NAME)";
				SWIFT_VERSION = 5.0;
				TARGETED_DEVICE_FAMILY = "1,2";
				TEST_HOST = "$(BUILT_PRODUCTS_DIR)/PiaSample.app/PiaSample";
			};
			name = Release;
		};
		7547DB95204FDF8000C280AC /* Debug */ = {
			isa = XCBuildConfiguration;
			buildSettings = {
				ALWAYS_EMBED_SWIFT_STANDARD_LIBRARIES = YES;
				CODE_SIGN_STYLE = Automatic;
				DEVELOPMENT_TEAM = QMGG9DUSQ8;
				INFOPLIST_FILE = PiaSampleUITests/Info.plist;
				LD_RUNPATH_SEARCH_PATHS = "$(inherited) @executable_path/Frameworks @loader_path/Frameworks";
				PRODUCT_BUNDLE_IDENTIFIER = eu.nets.mcommerce.PiaSampleUITests;
				PRODUCT_NAME = "$(TARGET_NAME)";
				SWIFT_VERSION = 5.0;
				TARGETED_DEVICE_FAMILY = "1,2";
				TEST_TARGET_NAME = PiaSample;
			};
			name = Debug;
		};
		7547DB96204FDF8000C280AC /* Release */ = {
			isa = XCBuildConfiguration;
			buildSettings = {
				ALWAYS_EMBED_SWIFT_STANDARD_LIBRARIES = YES;
				CODE_SIGN_STYLE = Automatic;
				DEVELOPMENT_TEAM = QMGG9DUSQ8;
				INFOPLIST_FILE = PiaSampleUITests/Info.plist;
				LD_RUNPATH_SEARCH_PATHS = "$(inherited) @executable_path/Frameworks @loader_path/Frameworks";
				PRODUCT_BUNDLE_IDENTIFIER = eu.nets.mcommerce.PiaSampleUITests;
				PRODUCT_NAME = "$(TARGET_NAME)";
				SWIFT_VERSION = 5.0;
				TARGETED_DEVICE_FAMILY = "1,2";
				TEST_TARGET_NAME = PiaSample;
			};
			name = Release;
		};
/* End XCBuildConfiguration section */

/* Begin XCConfigurationList section */
		7547DB61204FDF8000C280AC /* Build configuration list for PBXProject "PiaSample" */ = {
			isa = XCConfigurationList;
			buildConfigurations = (
				7547DB8C204FDF8000C280AC /* Debug */,
				7547DB8D204FDF8000C280AC /* Release */,
			);
			defaultConfigurationIsVisible = 0;
			defaultConfigurationName = Release;
		};
		7547DB8E204FDF8000C280AC /* Build configuration list for PBXNativeTarget "PiaSample" */ = {
			isa = XCConfigurationList;
			buildConfigurations = (
				7547DB8F204FDF8000C280AC /* Debug */,
				7547DB90204FDF8000C280AC /* Release */,
			);
			defaultConfigurationIsVisible = 0;
			defaultConfigurationName = Release;
		};
		7547DB91204FDF8000C280AC /* Build configuration list for PBXNativeTarget "PiaSampleTests" */ = {
			isa = XCConfigurationList;
			buildConfigurations = (
				7547DB92204FDF8000C280AC /* Debug */,
				7547DB93204FDF8000C280AC /* Release */,
			);
			defaultConfigurationIsVisible = 0;
			defaultConfigurationName = Release;
		};
		7547DB94204FDF8000C280AC /* Build configuration list for PBXNativeTarget "PiaSampleUITests" */ = {
			isa = XCConfigurationList;
			buildConfigurations = (
				7547DB95204FDF8000C280AC /* Debug */,
				7547DB96204FDF8000C280AC /* Release */,
			);
			defaultConfigurationIsVisible = 0;
			defaultConfigurationName = Release;
		};
/* End XCConfigurationList section */
	};
	rootObject = 7547DB5E204FDF8000C280AC /* Project object */;
}
