PODS:
  - Alamofire (4.8.1)
  - Crashlytics (3.12.0):
    - Fabric (~> 1.9.0)
  - DropDown (2.3.2)
  - Fabric (1.9.0)
  - IQKeyboardManagerSwift (6.2.0)
  - Moya (11.0.2):
    - Moya/Core (= 11.0.2)
  - Moya/Core (11.0.2):
    - Alamofire (~> 4.1)
    - Result (~> 3.0)
  - Result (3.2.4)

DEPENDENCIES:
  - Crashlytics
  - DropDown (= 2.3.2)
  - Fabric
  - IQKeyboardManagerSwift
  - Moya (~> 11.0)

SPEC REPOS:
  https://github.com/cocoapods/specs.git:
    - Alamofire
    - Crashlytics
    - DropDown
    - Fabric
    - IQKeyboardManagerSwift
    - Moya
    - Result

SPEC CHECKSUMS:
  Alamofire: 16ce2c353fb72865124ddae8a57c5942388f4f11
  Crashlytics: 07fb167b1694128c1c9a5a5cc319b0e9c3ca0933
  DropDown: 7f87abecc28f9b4edad810fe1211c5c018c257e5
  Fabric: f988e33c97f08930a413e08123064d2e5f68d655
  IQKeyboardManagerSwift: b07ccf9d8cafe993dcd6cb794eb4ba34611a0c4e
  Moya: a725035953bc1c0eb1be505ab903984501d82440
  Result: d2d07204ce72856f1fd9130bbe42c35a7b0fea10

PODFILE CHECKSUM: 226c2f05fc3d67979a03644346a0bd7ba715ff76

COCOAPODS: 1.5.3
